// !$*UTF8*$!
{
	archiveVersion = 1;
	classes = {
	};
	objectVersion = 77;
	objects = {

/* Begin PBXBuildFile section */
		C3AD1AB7374C7C202047C0B3 /* libPods-网易云音乐.a in Frameworks */ = {isa = PBXBuildFile; fileRef = 6581C7210A2C10699AC24400 /* libPods-网易云音乐.a */; };
/* End PBXBuildFile section */

/* Begin PBXContainerItemProxy section */
		4CC0CFBE2DF67CD800087FC3 /* PBXContainerItemProxy */ = {
			isa = PBXContainerItemProxy;
			containerPortal = 4CC0CF9A2DF67CD600087FC3 /* Project object */;
			proxyType = 1;
			remoteGlobalIDString = 4CC0CFA12DF67CD600087FC3;
			remoteInfo = "网易云音乐";
		};
		4CC0CFC82DF67CD800087FC3 /* PBXContainerItemProxy */ = {
			isa = PBXContainerItemProxy;
			containerPortal = 4CC0CF9A2DF67CD600087FC3 /* Project object */;
			proxyType = 1;
			remoteGlobalIDString = 4CC0CFA12DF67CD600087FC3;
			remoteInfo = "网易云音乐";
		};
/* End PBXContainerItemProxy section */

/* Begin PBXFileReference section */
		4699D1BB0C8C22EDB882EB88 /* Pods-网易云音乐.debug.xcconfig */ = {isa = PBXFileReference; includeInIndex = 1; lastKnownFileType = text.xcconfig; name = "Pods-网易云音乐.debug.xcconfig"; path = "Target Support Files/Pods-网易云音乐/Pods-网易云音乐.debug.xcconfig"; sourceTree = "<group>"; };
		4CC0CFA22DF67CD600087FC3 /* 网易云音乐.app */ = {isa = PBXFileReference; explicitFileType = wrapper.application; includeInIndex = 0; path = "网易云音乐.app"; sourceTree = BUILT_PRODUCTS_DIR; };
		4CC0CFBD2DF67CD800087FC3 /* 网易云音乐Tests.xctest */ = {isa = PBXFileReference; explicitFileType = wrapper.cfbundle; includeInIndex = 0; path = "网易云音乐Tests.xctest"; sourceTree = BUILT_PRODUCTS_DIR; };
		4CC0CFC72DF67CD800087FC3 /* 网易云音乐UITests.xctest */ = {isa = PBXFileReference; explicitFileType = wrapper.cfbundle; includeInIndex = 0; path = "网易云音乐UITests.xctest"; sourceTree = BUILT_PRODUCTS_DIR; };
		6581C7210A2C10699AC24400 /* libPods-网易云音乐.a */ = {isa = PBXFileReference; explicitFileType = archive.ar; includeInIndex = 0; path = "libPods-网易云音乐.a"; sourceTree = BUILT_PRODUCTS_DIR; };
		B3D03E0DF5A083BDF41D99D1 /* Pods-网易云音乐.release.xcconfig */ = {isa = PBXFileReference; includeInIndex = 1; lastKnownFileType = text.xcconfig; name = "Pods-网易云音乐.release.xcconfig"; path = "Target Support Files/Pods-网易云音乐/Pods-网易云音乐.release.xcconfig"; sourceTree = "<group>"; };
/* End PBXFileReference section */

/* Begin PBXFileSystemSynchronizedBuildFileExceptionSet section */
		4CC0CFCF2DF67CD800087FC3 /* Exceptions for "网易云音乐" folder in "网易云音乐" target */ = {
			isa = PBXFileSystemSynchronizedBuildFileExceptionSet;
			membershipExceptions = (
				Info.plist,
			);
			target = 4CC0CFA12DF67CD600087FC3 /* 网易云音乐 */;
		};
/* End PBXFileSystemSynchronizedBuildFileExceptionSet section */

/* Begin PBXFileSystemSynchronizedRootGroup section */
		4CC0CFA42DF67CD600087FC3 /* 网易云音乐 */ = {
			isa = PBXFileSystemSynchronizedRootGroup;
			exceptions = (
				4CC0CFCF2DF67CD800087FC3 /* Exceptions for "网易云音乐" folder in "网易云音乐" target */,
			);
			path = "网易云音乐";
			sourceTree = "<group>";
		};
		4CC0CFC02DF67CD800087FC3 /* 网易云音乐Tests */ = {
			isa = PBXFileSystemSynchronizedRootGroup;
			path = "网易云音乐Tests";
			sourceTree = "<group>";
		};
		4CC0CFCA2DF67CD800087FC3 /* 网易云音乐UITests */ = {
			isa = PBXFileSystemSynchronizedRootGroup;
			path = "网易云音乐UITests";
			sourceTree = "<group>";
		};
/* End PBXFileSystemSynchronizedRootGroup section */

/* Begin PBXFrameworksBuildPhase section */
		4CC0CF9F2DF67CD600087FC3 /* Frameworks */ = {
			isa = PBXFrameworksBuildPhase;
			buildActionMask = 2147483647;
			files = (
				C3AD1AB7374C7C202047C0B3 /* libPods-网易云音乐.a in Frameworks */,
			);
			runOnlyForDeploymentPostprocessing = 0;
		};
		4CC0CFBA2DF67CD800087FC3 /* Frameworks */ = {
			isa = PBXFrameworksBuildPhase;
			buildActionMask = 2147483647;
			files = (
			);
			runOnlyForDeploymentPostprocessing = 0;
		};
		4CC0CFC42DF67CD800087FC3 /* Frameworks */ = {
			isa = PBXFrameworksBuildPhase;
			buildActionMask = 2147483647;
			files = (
			);
			runOnlyForDeploymentPostprocessing = 0;
		};
/* End PBXFrameworksBuildPhase section */

/* Begin PBXGroup section */
		4CC0CF992DF67CD600087FC3 = {
			isa = PBXGroup;
			children = (
				4CC0CFA42DF67CD600087FC3 /* 网易云音乐 */,
				4CC0CFC02DF67CD800087FC3 /* 网易云音乐Tests */,
				4CC0CFCA2DF67CD800087FC3 /* 网易云音乐UITests */,
				4CC0CFA32DF67CD600087FC3 /* Products */,
				CF8A7C13F2A829EE2B24EE0A /* Pods */,
				AF389F57A5974FE537E0CDA1 /* Frameworks */,
			);
			sourceTree = "<group>";
		};
		4CC0CFA32DF67CD600087FC3 /* Products */ = {
			isa = PBXGroup;
			children = (
				4CC0CFA22DF67CD600087FC3 /* 网易云音乐.app */,
				4CC0CFBD2DF67CD800087FC3 /* 网易云音乐Tests.xctest */,
				4CC0CFC72DF67CD800087FC3 /* 网易云音乐UITests.xctest */,
			);
			name = Products;
			sourceTree = "<group>";
		};
		AF389F57A5974FE537E0CDA1 /* Frameworks */ = {
			isa = PBXGroup;
			children = (
				6581C7210A2C10699AC24400 /* libPods-网易云音乐.a */,
			);
			name = Frameworks;
			sourceTree = "<group>";
		};
		CF8A7C13F2A829EE2B24EE0A /* Pods */ = {
			isa = PBXGroup;
			children = (
				4699D1BB0C8C22EDB882EB88 /* Pods-网易云音乐.debug.xcconfig */,
				B3D03E0DF5A083BDF41D99D1 /* Pods-网易云音乐.release.xcconfig */,
			);
			path = Pods;
			sourceTree = "<group>";
		};
/* End PBXGroup section */

/* Begin PBXNativeTarget section */
		4CC0CFA12DF67CD600087FC3 /* 网易云音乐 */ = {
			isa = PBXNativeTarget;
			buildConfigurationList = 4CC0CFD02DF67CD800087FC3 /* Build configuration list for PBXNativeTarget "网易云音乐" */;
			buildPhases = (
				6A34C99F9B9D2C44B9141E2B /* [CP] Check Pods Manifest.lock */,
				4CC0CF9E2DF67CD600087FC3 /* Sources */,
				4CC0CF9F2DF67CD600087FC3 /* Frameworks */,
				4CC0CFA02DF67CD600087FC3 /* Resources */,
			);
			buildRules = (
			);
			dependencies = (
			);
			fileSystemSynchronizedGroups = (
				4CC0CFA42DF67CD600087FC3 /* 网易云音乐 */,
			);
			name = "网易云音乐";
			productName = "网易云音乐";
			productReference = 4CC0CFA22DF67CD600087FC3 /* 网易云音乐.app */;
			productType = "com.apple.product-type.application";
		};
		4CC0CFBC2DF67CD800087FC3 /* 网易云音乐Tests */ = {
			isa = PBXNativeTarget;
			buildConfigurationList = 4CC0CFD52DF67CD800087FC3 /* Build configuration list for PBXNativeTarget "网易云音乐Tests" */;
			buildPhases = (
				4CC0CFB92DF67CD800087FC3 /* Sources */,
				4CC0CFBA2DF67CD800087FC3 /* Frameworks */,
				4CC0CFBB2DF67CD800087FC3 /* Resources */,
			);
			buildRules = (
			);
			dependencies = (
				4CC0CFBF2DF67CD800087FC3 /* PBXTargetDependency */,
			);
			fileSystemSynchronizedGroups = (
				4CC0CFC02DF67CD800087FC3 /* 网易云音乐Tests */,
			);
			name = "网易云音乐Tests";
			productName = "网易云音乐Tests";
			productReference = 4CC0CFBD2DF67CD800087FC3 /* 网易云音乐Tests.xctest */;
			productType = "com.apple.product-type.bundle.unit-test";
		};
		4CC0CFC62DF67CD800087FC3 /* 网易云音乐UITests */ = {
			isa = PBXNativeTarget;
			buildConfigurationList = 4CC0CFD82DF67CD800087FC3 /* Build configuration list for PBXNativeTarget "网易云音乐UITests" */;
			buildPhases = (
				4CC0CFC32DF67CD800087FC3 /* Sources */,
				4CC0CFC42DF67CD800087FC3 /* Frameworks */,
				4CC0CFC52DF67CD800087FC3 /* Resources */,
			);
			buildRules = (
			);
			dependencies = (
				4CC0CFC92DF67CD800087FC3 /* PBXTargetDependency */,
			);
			fileSystemSynchronizedGroups = (
				4CC0CFCA2DF67CD800087FC3 /* 网易云音乐UITests */,
			);
			name = "网易云音乐UITests";
			productName = "网易云音乐UITests";
			productReference = 4CC0CFC72DF67CD800087FC3 /* 网易云音乐UITests.xctest */;
			productType = "com.apple.product-type.bundle.ui-testing";
		};
/* End PBXNativeTarget section */

/* Begin PBXProject section */
		4CC0CF9A2DF67CD600087FC3 /* Project object */ = {
			isa = PBXProject;
			attributes = {
				BuildIndependentTargetsInParallel = 1;
				LastUpgradeCheck = 1630;
				TargetAttributes = {
					4CC0CFA12DF67CD600087FC3 = {
						CreatedOnToolsVersion = 16.3;
						LastSwiftMigration = 1630;
					};
					4CC0CFBC2DF67CD800087FC3 = {
						CreatedOnToolsVersion = 16.3;
						TestTargetID = 4CC0CFA12DF67CD600087FC3;
					};
					4CC0CFC62DF67CD800087FC3 = {
						CreatedOnToolsVersion = 16.3;
						TestTargetID = 4CC0CFA12DF67CD600087FC3;
					};
				};
			};
			buildConfigurationList = 4CC0CF9D2DF67CD600087FC3 /* Build configuration list for PBXProject "网易云音乐" */;
			developmentRegion = en;
			hasScannedForEncodings = 0;
			knownRegions = (
				en,
				Base,
			);
			mainGroup = 4CC0CF992DF67CD600087FC3;
			minimizedProjectReferenceProxies = 1;
			preferredProjectObjectVersion = 77;
			productRefGroup = 4CC0CFA32DF67CD600087FC3 /* Products */;
			projectDirPath = "";
			projectRoot = "";
			targets = (
				4CC0CFA12DF67CD600087FC3 /* 网易云音乐 */,
				4CC0CFBC2DF67CD800087FC3 /* 网易云音乐Tests */,
				4CC0CFC62DF67CD800087FC3 /* 网易云音乐UITests */,
			);
		};
/* End PBXProject section */

/* Begin PBXResourcesBuildPhase section */
		4CC0CFA02DF67CD600087FC3 /* Resources */ = {
			isa = PBXResourcesBuildPhase;
			buildActionMask = 2147483647;
			files = (
			);
			runOnlyForDeploymentPostprocessing = 0;
		};
		4CC0CFBB2DF67CD800087FC3 /* Resources */ = {
			isa = PBXResourcesBuildPhase;
			buildActionMask = 2147483647;
			files = (
			);
			runOnlyForDeploymentPostprocessing = 0;
		};
		4CC0CFC52DF67CD800087FC3 /* Resources */ = {
			isa = PBXResourcesBuildPhase;
			buildActionMask = 2147483647;
			files = (
			);
			runOnlyForDeploymentPostprocessing = 0;
		};
/* End PBXResourcesBuildPhase section */

/* Begin PBXShellScriptBuildPhase section */
		6A34C99F9B9D2C44B9141E2B /* [CP] Check Pods Manifest.lock */ = {
			isa = PBXShellScriptBuildPhase;
			buildActionMask = 2147483647;
			files = (
			);
			inputFileListPaths = (
			);
			inputPaths = (
				"${PODS_PODFILE_DIR_PATH}/Podfile.lock",
				"${PODS_ROOT}/Manifest.lock",
			);
			name = "[CP] Check Pods Manifest.lock";
			outputFileListPaths = (
			);
			outputPaths = (
				"$(DERIVED_FILE_DIR)/Pods-网易云音乐-checkManifestLockResult.txt",
			);
			runOnlyForDeploymentPostprocessing = 0;
			shellPath = /bin/sh;
			shellScript = "diff \"${PODS_PODFILE_DIR_PATH}/Podfile.lock\" \"${PODS_ROOT}/Manifest.lock\" > /dev/null\nif [ $? != 0 ] ; then\n    # print error to STDERR\n    echo \"error: The sandbox is not in sync with the Podfile.lock. Run 'pod install' or update your CocoaPods installation.\" >&2\n    exit 1\nfi\n# This output is used by Xcode 'outputs' to avoid re-running this script phase.\necho \"SUCCESS\" > \"${SCRIPT_OUTPUT_FILE_0}\"\n";
			showEnvVarsInLog = 0;
		};
/* End PBXShellScriptBuildPhase section */

/* Begin PBXSourcesBuildPhase section */
		4CC0CF9E2DF67CD600087FC3 /* Sources */ = {
			isa = PBXSourcesBuildPhase;
			buildActionMask = 2147483647;
			files = (
			);
			runOnlyForDeploymentPostprocessing = 0;
		};
		4CC0CFB92DF67CD800087FC3 /* Sources */ = {
			isa = PBXSourcesBuildPhase;
			buildActionMask = 2147483647;
			files = (
			);
			runOnlyForDeploymentPostprocessing = 0;
		};
		4CC0CFC32DF67CD800087FC3 /* Sources */ = {
			isa = PBXSourcesBuildPhase;
			buildActionMask = 2147483647;
			files = (
			);
			runOnlyForDeploymentPostprocessing = 0;
		};
/* End PBXSourcesBuildPhase section */

/* Begin PBXTargetDependency section */
		4CC0CFBF2DF67CD800087FC3 /* PBXTargetDependency */ = {
			isa = PBXTargetDependency;
			target = 4CC0CFA12DF67CD600087FC3 /* 网易云音乐 */;
			targetProxy = 4CC0CFBE2DF67CD800087FC3 /* PBXContainerItemProxy */;
		};
		4CC0CFC92DF67CD800087FC3 /* PBXTargetDependency */ = {
			isa = PBXTargetDependency;
			target = 4CC0CFA12DF67CD600087FC3 /* 网易云音乐 */;
			targetProxy = 4CC0CFC82DF67CD800087FC3 /* PBXContainerItemProxy */;
		};
/* End PBXTargetDependency section */

/* Begin XCBuildConfiguration section */
		4CC0CFD12DF67CD800087FC3 /* Debug */ = {
			isa = XCBuildConfiguration;
			baseConfigurationReference = 4699D1BB0C8C22EDB882EB88 /* Pods-网易云音乐.debug.xcconfig */;
			buildSettings = {
				ASSETCATALOG_COMPILER_APPICON_NAME = AppIcon;
				ASSETCATALOG_COMPILER_GLOBAL_ACCENT_COLOR_NAME = AccentColor;
				CLANG_ENABLE_MODULES = YES;
				CODE_SIGN_STYLE = Automatic;
				CURRENT_PROJECT_VERSION = 1;
				DEVELOPMENT_TEAM = JASSJ2R9D6;
				GENERATE_INFOPLIST_FILE = YES;
				INFOPLIST_FILE = "网易云音乐/Info.plist";
				INFOPLIST_KEY_UIApplicationSupportsIndirectInputEvents = YES;
				INFOPLIST_KEY_UILaunchStoryboardName = LaunchScreen;
				INFOPLIST_KEY_UIMainStoryboardFile = Main;
				INFOPLIST_KEY_UISupportedInterfaceOrientations_iPad = "UIInterfaceOrientationPortrait UIInterfaceOrientationPortraitUpsideDown UIInterfaceOrientationLandscapeLeft UIInterfaceOrientationLandscapeRight";
				INFOPLIST_KEY_UISupportedInterfaceOrientations_iPhone = "UIInterfaceOrientationPortrait UIInterfaceOrientationLandscapeLeft UIInterfaceOrientationLandscapeRight";
				LD_RUNPATH_SEARCH_PATHS = (
					"$(inherited)",
					"@executable_path/Frameworks",
				);
				MARKETING_VERSION = 1.0;
				PRODUCT_BUNDLE_IDENTIFIER = "-1.-----";
				PRODUCT_NAME = "$(TARGET_NAME)";
				SWIFT_EMIT_LOC_STRINGS = YES;
				SWIFT_OPTIMIZATION_LEVEL = "-Onone";
				SWIFT_VERSION = 6.0;
				TARGETED_DEVICE_FAMILY = "1,2";
			};
			name = Debug;
		};
		4CC0CFD22DF67CD800087FC3 /* Release */ = {
			isa = XCBuildConfiguration;
			baseConfigurationReference = B3D03E0DF5A083BDF41D99D1 /* Pods-网易云音乐.release.xcconfig */;
			buildSettings = {
				ASSETCATALOG_COMPILER_APPICON_NAME = AppIcon;
				ASSETCATALOG_COMPILER_GLOBAL_ACCENT_COLOR_NAME = AccentColor;
				CLANG_ENABLE_MODULES = YES;
				CODE_SIGN_STYLE = Automatic;
				CURRENT_PROJECT_VERSION = 1;
				DEVELOPMENT_TEAM = JASSJ2R9D6;
				GENERATE_INFOPLIST_FILE = YES;
				INFOPLIST_FILE = "网易云音乐/Info.plist";
				INFOPLIST_KEY_UIApplicationSupportsIndirectInputEvents = YES;
				INFOPLIST_KEY_UILaunchStoryboardName = LaunchScreen;
				INFOPLIST_KEY_UIMainStoryboardFile = Main;
				INFOPLIST_KEY_UISupportedInterfaceOrientations_iPad = "UIInterfaceOrientationPortrait UIInterfaceOrientationPortraitUpsideDown UIInterfaceOrientationLandscapeLeft UIInterfaceOrientationLandscapeRight";
				INFOPLIST_KEY_UISupportedInterfaceOrientations_iPhone = "UIInterfaceOrientationPortrait UIInterfaceOrientationLandscapeLeft UIInterfaceOrientationLandscapeRight";
				LD_RUNPATH_SEARCH_PATHS = (
					"$(inherited)",
					"@executable_path/Frameworks",
				);
				MARKETING_VERSION = 1.0;
				PRODUCT_BUNDLE_IDENTIFIER = "-1.-----";
				PRODUCT_NAME = "$(TARGET_NAME)";
				SWIFT_EMIT_LOC_STRINGS = YES;
				SWIFT_VERSION = 6.0;
				TARGETED_DEVICE_FAMILY = "1,2";
			};
			name = Release;
		};
		4CC0CFD32DF67CD800087FC3 /* Debug */ = {
			isa = XCBuildConfiguration;
			buildSettings = {
				ALWAYS_SEARCH_USER_PATHS = NO;
				ASSETCATALOG_COMPILER_GENERATE_SWIFT_ASSET_SYMBOL_EXTENSIONS = YES;
				CLANG_ANALYZER_NONNULL = YES;
				CLANG_ANALYZER_NUMBER_OBJECT_CONVERSION = YES_AGGRESSIVE;
				CLANG_CXX_LANGUAGE_STANDARD = "gnu++20";
				CLANG_ENABLE_MODULES = YES;
				CLANG_ENABLE_OBJC_ARC = YES;
				CLANG_ENABLE_OBJC_WEAK = YES;
				CLANG_WARN_BLOCK_CAPTURE_AUTORELEASING = YES;
				CLANG_WARN_BOOL_CONVERSION = YES;
				CLANG_WARN_COMMA = YES;
				CLANG_WARN_CONSTANT_CONVERSION = YES;
				CLANG_WARN_DEPRECATED_OBJC_IMPLEMENTATIONS = YES;
				CLANG_WARN_DIRECT_OBJC_ISA_USAGE = YES_ERROR;
				CLANG_WARN_DOCUMENTATION_COMMENTS = YES;
				CLANG_WARN_EMPTY_BODY = YES;
				CLANG_WARN_ENUM_CONVERSION = YES;
				CLANG_WARN_INFINITE_RECURSION = YES;
				CLANG_WARN_INT_CONVERSION = YES;
				CLANG_WARN_NON_LITERAL_NULL_CONVERSION = YES;
				CLANG_WARN_OBJC_IMPLICIT_RETAIN_SELF = YES;
				CLANG_WARN_OBJC_LITERAL_CONVERSION = YES;
				CLANG_WARN_OBJC_ROOT_CLASS = YES_ERROR;
				CLANG_WARN_QUOTED_INCLUDE_IN_FRAMEWORK_HEADER = YES;
				CLANG_WARN_RANGE_LOOP_ANALYSIS = YES;
				CLANG_WARN_STRICT_PROTOTYPES = YES;
				CLANG_WARN_SUSPICIOUS_MOVE = YES;
				CLANG_WARN_UNGUARDED_AVAILABILITY = YES_AGGRESSIVE;
				CLANG_WARN_UNREACHABLE_CODE = YES;
				CLANG_WARN__DUPLICATE_METHOD_MATCH = YES;
				COPY_PHASE_STRIP = NO;
				DEBUG_INFORMATION_FORMAT = dwarf;
				DEVELOPMENT_TEAM = JASSJ2R9D6;
				ENABLE_STRICT_OBJC_MSGSEND = YES;
				ENABLE_TESTABILITY = YES;
				ENABLE_USER_SCRIPT_SANDBOXING = YES;
				GCC_C_LANGUAGE_STANDARD = gnu17;
				GCC_DYNAMIC_NO_PIC = NO;
				GCC_NO_COMMON_BLOCKS = YES;
				GCC_OPTIMIZATION_LEVEL = 0;
				GCC_PREPROCESSOR_DEFINITIONS = (
					"DEBUG=1",
					"$(inherited)",
				);
				GCC_WARN_64_TO_32_BIT_CONVERSION = YES;
				GCC_WARN_ABOUT_RETURN_TYPE = YES_ERROR;
				GCC_WARN_UNDECLARED_SELECTOR = YES;
				GCC_WARN_UNINITIALIZED_AUTOS = YES_AGGRESSIVE;
				GCC_WARN_UNUSED_FUNCTION = YES;
				GCC_WARN_UNUSED_VARIABLE = YES;
				IPHONEOS_DEPLOYMENT_TARGET = 18.4;
				LOCALIZATION_PREFERS_STRING_CATALOGS = YES;
				MTL_ENABLE_DEBUG_INFO = INCLUDE_SOURCE;
				MTL_FAST_MATH = YES;
				ONLY_ACTIVE_ARCH = YES;
				SDKROOT = iphoneos;
			};
			name = Debug;
		};
		4CC0CFD42DF67CD800087FC3 /* Release */ = {
			isa = XCBuildConfiguration;
			buildSettings = {
				ALWAYS_SEARCH_USER_PATHS = NO;
				ASSETCATALOG_COMPILER_GENERATE_SWIFT_ASSET_SYMBOL_EXTENSIONS = YES;
				CLANG_ANALYZER_NONNULL = YES;
				CLANG_ANALYZER_NUMBER_OBJECT_CONVERSION = YES_AGGRESSIVE;
				CLANG_CXX_LANGUAGE_STANDARD = "gnu++20";
				CLANG_ENABLE_MODULES = YES;
				CLANG_ENABLE_OBJC_ARC = YES;
				CLANG_ENABLE_OBJC_WEAK = YES;
				CLANG_WARN_BLOCK_CAPTURE_AUTORELEASING = YES;
				CLANG_WARN_BOOL_CONVERSION = YES;
				CLANG_WARN_COMMA = YES;
				CLANG_WARN_CONSTANT_CONVERSION = YES;
				CLANG_WARN_DEPRECATED_OBJC_IMPLEMENTATIONS = YES;
				CLANG_WARN_DIRECT_OBJC_ISA_USAGE = YES_ERROR;
				CLANG_WARN_DOCUMENTATION_COMMENTS = YES;
				CLANG_WARN_EMPTY_BODY = YES;
				CLANG_WARN_ENUM_CONVERSION = YES;
				CLANG_WARN_INFINITE_RECURSION = YES;
				CLANG_WARN_INT_CONVERSION = YES;
				CLANG_WARN_NON_LITERAL_NULL_CONVERSION = YES;
				CLANG_WARN_OBJC_IMPLICIT_RETAIN_SELF = YES;
				CLANG_WARN_OBJC_LITERAL_CONVERSION = YES;
				CLANG_WARN_OBJC_ROOT_CLASS = YES_ERROR;
				CLANG_WARN_QUOTED_INCLUDE_IN_FRAMEWORK_HEADER = YES;
				CLANG_WARN_RANGE_LOOP_ANALYSIS = YES;
				CLANG_WARN_STRICT_PROTOTYPES = YES;
				CLANG_WARN_SUSPICIOUS_MOVE = YES;
				CLANG_WARN_UNGUARDED_AVAILABILITY = YES_AGGRESSIVE;
				CLANG_WARN_UNREACHABLE_CODE = YES;
				CLANG_WARN__DUPLICATE_METHOD_MATCH = YES;
				COPY_PHASE_STRIP = NO;
				DEBUG_INFORMATION_FORMAT = "dwarf-with-dsym";
				DEVELOPMENT_TEAM = JASSJ2R9D6;
				ENABLE_NS_ASSERTIONS = NO;
				ENABLE_STRICT_OBJC_MSGSEND = YES;
				ENABLE_USER_SCRIPT_SANDBOXING = YES;
				GCC_C_LANGUAGE_STANDARD = gnu17;
				GCC_NO_COMMON_BLOCKS = YES;
				GCC_WARN_64_TO_32_BIT_CONVERSION = YES;
				GCC_WARN_ABOUT_RETURN_TYPE = YES_ERROR;
				GCC_WARN_UNDECLARED_SELECTOR = YES;
				GCC_WARN_UNINITIALIZED_AUTOS = YES_AGGRESSIVE;
				GCC_WARN_UNUSED_FUNCTION = YES;
				GCC_WARN_UNUSED_VARIABLE = YES;
				IPHONEOS_DEPLOYMENT_TARGET = 18.4;
				LOCALIZATION_PREFERS_STRING_CATALOGS = YES;
				MTL_ENABLE_DEBUG_INFO = NO;
				MTL_FAST_MATH = YES;
				SDKROOT = iphoneos;
				VALIDATE_PRODUCT = YES;
			};
			name = Release;
		};
		4CC0CFD62DF67CD800087FC3 /* Debug */ = {
			isa = XCBuildConfiguration;
			buildSettings = {
				BUNDLE_LOADER = "$(TEST_HOST)";
				CODE_SIGN_STYLE = Automatic;
				CURRENT_PROJECT_VERSION = 1;
				DEVELOPMENT_TEAM = JASSJ2R9D6;
				GENERATE_INFOPLIST_FILE = YES;
				IPHONEOS_DEPLOYMENT_TARGET = 18.4;
				MARKETING_VERSION = 1.0;
				PRODUCT_BUNDLE_IDENTIFIER = "-1.-----Tests";
				PRODUCT_NAME = "$(TARGET_NAME)";
				SWIFT_EMIT_LOC_STRINGS = NO;
				TARGETED_DEVICE_FAMILY = "1,2";
				TEST_HOST = "$(BUILT_PRODUCTS_DIR)/网易云音乐.app/$(BUNDLE_EXECUTABLE_FOLDER_PATH)/网易云音乐";
			};
			name = Debug;
		};
		4CC0CFD72DF67CD800087FC3 /* Release */ = {
			isa = XCBuildConfiguration;
			buildSettings = {
				BUNDLE_LOADER = "$(TEST_HOST)";
				CODE_SIGN_STYLE = Automatic;
				CURRENT_PROJECT_VERSION = 1;
				DEVELOPMENT_TEAM = JASSJ2R9D6;
				GENERATE_INFOPLIST_FILE = YES;
				IPHONEOS_DEPLOYMENT_TARGET = 18.4;
				MARKETING_VERSION = 1.0;
				PRODUCT_BUNDLE_IDENTIFIER = "-1.-----Tests";
				PRODUCT_NAME = "$(TARGET_NAME)";
				SWIFT_EMIT_LOC_STRINGS = NO;
				TARGETED_DEVICE_FAMILY = "1,2";
				TEST_HOST = "$(BUILT_PRODUCTS_DIR)/网易云音乐.app/$(BUNDLE_EXECUTABLE_FOLDER_PATH)/网易云音乐";
			};
			name = Release;
		};
		4CC0CFD92DF67CD800087FC3 /* Debug */ = {
			isa = XCBuildConfiguration;
			buildSettings = {
				CODE_SIGN_STYLE = Automatic;
				CURRENT_PROJECT_VERSION = 1;
				DEVELOPMENT_TEAM = JASSJ2R9D6;
				GENERATE_INFOPLIST_FILE = YES;
				MARKETING_VERSION = 1.0;
				PRODUCT_BUNDLE_IDENTIFIER = "-1.-----UITests";
				PRODUCT_NAME = "$(TARGET_NAME)";
				SWIFT_EMIT_LOC_STRINGS = NO;
				TARGETED_DEVICE_FAMILY = "1,2";
				TEST_TARGET_NAME = "网易云音乐";
			};
			name = Debug;
		};
		4CC0CFDA2DF67CD800087FC3 /* Release */ = {
			isa = XCBuildConfiguration;
			buildSettings = {
				CODE_SIGN_STYLE = Automatic;
				CURRENT_PROJECT_VERSION = 1;
				DEVELOPMENT_TEAM = JASSJ2R9D6;
				GENERATE_INFOPLIST_FILE = YES;
				MARKETING_VERSION = 1.0;
				PRODUCT_BUNDLE_IDENTIFIER = "-1.-----UITests";
				PRODUCT_NAME = "$(TARGET_NAME)";
				SWIFT_EMIT_LOC_STRINGS = NO;
				TARGETED_DEVICE_FAMILY = "1,2";
				TEST_TARGET_NAME = "网易云音乐";
			};
			name = Release;
		};
/* End XCBuildConfiguration section */

/* Begin XCConfigurationList section */
		4CC0CF9D2DF67CD600087FC3 /* Build configuration list for PBXProject "网易云音乐" */ = {
			isa = XCConfigurationList;
			buildConfigurations = (
				4CC0CFD32DF67CD800087FC3 /* Debug */,
				4CC0CFD42DF67CD800087FC3 /* Release */,
			);
			defaultConfigurationIsVisible = 0;
			defaultConfigurationName = Release;
		};
		4CC0CFD02DF67CD800087FC3 /* Build configuration list for PBXNativeTarget "网易云音乐" */ = {
			isa = XCConfigurationList;
			buildConfigurations = (
				4CC0CFD12DF67CD800087FC3 /* Debug */,
				4CC0CFD22DF67CD800087FC3 /* Release */,
			);
			defaultConfigurationIsVisible = 0;
			defaultConfigurationName = Release;
		};
		4CC0CFD52DF67CD800087FC3 /* Build configuration list for PBXNativeTarget "网易云音乐Tests" */ = {
			isa = XCConfigurationList;
			buildConfigurations = (
				4CC0CFD62DF67CD800087FC3 /* Debug */,
				4CC0CFD72DF67CD800087FC3 /* Release */,
			);
			defaultConfigurationIsVisible = 0;
			defaultConfigurationName = Release;
		};
		4CC0CFD82DF67CD800087FC3 /* Build configuration list for PBXNativeTarget "网易云音乐UITests" */ = {
			isa = XCConfigurationList;
			buildConfigurations = (
				4CC0CFD92DF67CD800087FC3 /* Debug */,
				4CC0CFDA2DF67CD800087FC3 /* Release */,
			);
			defaultConfigurationIsVisible = 0;
			defaultConfigurationName = Release;
		};
/* End XCConfigurationList section */
	};
	rootObject = 4CC0CF9A2DF67CD600087FC3 /* Project object */;
}
